# THIS IS AN AUTOGENERATED FILE. DO NOT EDIT THIS FILE DIRECTLY.
# yarn lockfile v1


chrono-node@^1.4.8:
  version "1.4.8"
  resolved "https://registry.yarnpkg.com/chrono-node/-/chrono-node-1.4.8.tgz#10af3f4ed025fa5c6a9abeb7922927584f07f2ef"
  integrity sha512-WwfW4/+i1e6tHx5opw/VCfxXnai12/tT5GK+wSHwKtdb0ZkAoxRGIfL8IzuFr/JEQTw4DxevysyX6+YbZSRKLQ==
  dependencies:
    dayjs "^1.8.19"

dayjs@^1.8.19:
  version "1.11.7"
  resolved "https://registry.yarnpkg.com/dayjs/-/dayjs-1.11.7.tgz#4b296922642f70999544d1144a2c25730fce63e2"
  integrity sha512-+Yw9U6YO5TQohxLcIkrXBeY73WP3ejHWVvx8XCk3gxvQDCTEmS48ZrSZCKciI7Bhl/uCMyxYtE9UqRILmFphkQ==
